<?xml version="1.0" encoding="utf-8"?>
<Project ToolsVersion="4.0" xmlns="http://schemas.microsoft.com/developer/msbuild/2003">
  <ItemGroup>
    <Filter Include="Source Files">
      <UniqueIdentifier>{4FC737F1-C7A5-4376-A066-2A32D752A2FF}</UniqueIdentifier>
      <Extensions>cpp;c;cc;cxx;def;odl;idl;hpj;bat;asm;asmx</Extensions>
    </Filter>
    <Filter Include="Header Files">
      <UniqueIdentifier>{93995380-89BD-4b04-88EB-625FBE52EBFB}</UniqueIdentifier>
      <Extensions>h;hh;hpp;hxx;hm;inl;inc;ipp;xsd</Extensions>
    </Filter>
    <Filter Include="Resource Files">
      <UniqueIdentifier>{67DA6AB6-F800-4c08-8B7A-83BB121AAD01}</UniqueIdentifier>
      <Extensions>rc;ico;cur;bmp;dlg;rc2;rct;bin;rgs;gif;jpg;jpeg;jpe;resx;tiff;tif;png;wav;mfcribbon-ms</Extensions>
    </Filter>
    <Filter Include="Header Files\GUI">
      <UniqueIdentifier>{7f7a2df9-d3f3-4f3d-b0bf-916e111c621f}</UniqueIdentifier>
    </Filter>
    <Filter Include="Header Files\Tower">
      <UniqueIdentifier>{e1cc6320-b661-4d31-9463-c5dd370f8c6f}</UniqueIdentifier>
    </Filter>
    <Filter Include="Resource Files\GUI">
      <UniqueIdentifier>{39039b7f-2bcf-4038-84d6-798806f3f54e}</UniqueIdentifier>
    </Filter>
    <Filter Include="Resource Files\Tower">
      <UniqueIdentifier>{37c627b1-81c7-43a8-8d65-ecd598838977}</UniqueIdentifier>
    </Filter>
    <Filter Include="Header Files\External">
      <UniqueIdentifier>{c6e12a56-f28d-4de4-b710-55676db5f2c6}</UniqueIdentifier>
    </Filter>
    <Filter Include="Header Files\Utils">
      <UniqueIdentifier>{708b3eb0-aab4-4025-acce-2ede8e7db651}</UniqueIdentifier>
    </Filter>
    <Filter Include="Resource Files\External">
      <UniqueIdentifier>{c362b94a-866d-4afc-904c-20450affb36f}</UniqueIdentifier>
    </Filter>
    <Filter Include="Resource Files\Utils">
      <UniqueIdentifier>{cb60409e-bda2-4ac0-909e-894dbdbb9825}</UniqueIdentifier>
    </Filter>
  </ItemGroup>
  <ItemGroup>
    <ClInclude Include="Game.h">
      <Filter>Header Files</Filter>
    </ClInclude>
    <ClInclude Include="Main.h">
      <Filter>Header Files</Filter>
    </ClInclude>
    <ClInclude Include="Player.h">
      <Filter>Header Files</Filter>
    </ClInclude>
    <ClInclude Include="View.h">
      <Filter>Header Files\GUI</Filter>
    </ClInclude>
    <ClInclude Include="Titel.h">
      <Filter>Header Files\GUI</Filter>
    </ClInclude>
    <ClInclude Include="Map.h">
      <Filter>Header Files\GUI</Filter>
    </ClInclude>
    <ClInclude Include="EventWindow.h">
      <Filter>Header Files\GUI</Filter>
    </ClInclude>
    <ClInclude Include="AttributeBar.h">
      <Filter>Header Files\GUI</Filter>
    </ClInclude>
    <ClInclude Include="Tower.h">
      <Filter>Header Files\Tower</Filter>
    </ClInclude>
    <ClInclude Include="Stage.h">
      <Filter>Header Files\Tower</Filter>
    </ClInclude>
    <ClInclude Include="Room.h">
      <Filter>Header Files\Tower</Filter>
    </ClInclude>
    <ClInclude Include="SavePoint.h">
      <Filter>Header Files\Tower</Filter>
    </ClInclude>
    <ClInclude Include="Point.h">
      <Filter>Header Files\Tower</Filter>
    </ClInclude>
    <ClInclude Include="Monster.h">
      <Filter>Header Files\Tower</Filter>
    </ClInclude>
    <ClInclude Include="Item.h">
      <Filter>Header Files\Tower</Filter>
    </ClInclude>
    <ClInclude Include="Hole.h">
      <Filter>Header Files\Tower</Filter>
    </ClInclude>
    <ClInclude Include="EventLog.h">
      <Filter>Header Files\Tower</Filter>
    </ClInclude>
    <ClInclude Include="Action.h">
      <Filter>Header Files\Tower</Filter>
    </ClInclude>
    <ClInclude Include="tinyxml2.h">
      <Filter>Header Files\External</Filter>
    </ClInclude>
    <ClInclude Include="XML.h">
      <Filter>Header Files\Utils</Filter>
    </ClInclude>
    <ClInclude Include="Death.h">
      <Filter>Header Files\GUI</Filter>
    </ClInclude>
    <ClInclude Include="Stairs.h">
      <Filter>Header Files\Tower</Filter>
    </ClInclude>
    <ClInclude Include="HelpScreen.h">
      <Filter>Header Files\GUI</Filter>
    </ClInclude>
    <ClInclude Include="StageSwitchScreen.h">
      <Filter>Header Files\GUI</Filter>
    </ClInclude>
    <ClInclude Include="Start.h">
      <Filter>Header Files\Tower</Filter>
    </ClInclude>
    <ClInclude Include="Intro.h">
      <Filter>Header Files\GUI</Filter>
    </ClInclude>
    <ClInclude Include="Outro.h">
      <Filter>Header Files\GUI</Filter>
    </ClInclude>
    <ClInclude Include="ViewUtils.h">
      <Filter>Header Files\Utils</Filter>
    </ClInclude>
  </ItemGroup>
  <ItemGroup>
    <ClCompile Include="Main.cpp">
      <Filter>Resource Files</Filter>
    </ClCompile>
    <ClCompile Include="Player.cpp">
      <Filter>Resource Files</Filter>
    </ClCompile>
    <ClCompile Include="View.cpp">
      <Filter>Resource Files\GUI</Filter>
    </ClCompile>
    <ClCompile Include="Map.cpp">
      <Filter>Resource Files\GUI</Filter>
    </ClCompile>
    <ClCompile Include="EventWindow.cpp">
      <Filter>Resource Files\GUI</Filter>
    </ClCompile>
    <ClCompile Include="AttributeBar.cpp">
      <Filter>Resource Files\GUI</Filter>
    </ClCompile>
    <ClCompile Include="Hole.cpp">
      <Filter>Resource Files\Tower</Filter>
    </ClCompile>
    <ClCompile Include="Item.cpp">
      <Filter>Resource Files\Tower</Filter>
    </ClCompile>
    <ClCompile Include="Monster.cpp">
      <Filter>Resource Files\Tower</Filter>
    </ClCompile>
    <ClCompile Include="Room.cpp">
      <Filter>Resource Files\Tower</Filter>
    </ClCompile>
    <ClCompile Include="SavePoint.cpp">
      <Filter>Resource Files\Tower</Filter>
    </ClCompile>
    <ClCompile Include="Titel.cpp">
      <Filter>Resource Files\GUI</Filter>
    </ClCompile>
    <ClCompile Include="Game.cpp">
      <Filter>Resource Files</Filter>
    </ClCompile>
    <ClCompile Include="tinyxml2.cpp">
      <Filter>Resource Files\External</Filter>
    </ClCompile>
    <ClCompile Include="XML.cpp">
      <Filter>Resource Files\Utils</Filter>
    </ClCompile>
    <ClCompile Include="Death.cpp">
      <Filter>Resource Files\GUI</Filter>
    </ClCompile>
    <ClCompile Include="Stairs.cpp">
      <Filter>Resource Files\Tower</Filter>
    </ClCompile>
    <ClCompile Include="StageSwitchScreen.cpp">
      <Filter>Resource Files\GUI</Filter>
    </ClCompile>
    <ClCompile Include="Start.cpp">
      <Filter>Resource Files\Tower</Filter>
    </ClCompile>
    <ClCompile Include="HelpScreen.cpp">
      <Filter>Resource Files\GUI</Filter>
    </ClCompile>
    <ClCompile Include="Intro.cpp">
      <Filter>Resource Files\GUI</Filter>
    </ClCompile>
    <ClCompile Include="Outro.cpp">
      <Filter>Resource Files\GUI</Filter>
    </ClCompile>
  </ItemGroup>
  <ItemGroup>
    <Xml Include="Level.xml">
      <Filter>Resource Files\External</Filter>
    </Xml>
  </ItemGroup>
</Project>